
Microsoft Visual Studio Solution File, Format Version 12.00
# Visual Studio Version 17
VisualStudioVersion = 17.1.32228.430
MinimumVisualStudioVersion = 10.0.40219.1
Project("{54A90642-561A-4BB1-A94E-469ADEE60C69}") = "pomodo", "pomodo\pomodo.esproj", "{BEC3B371-4086-46BA-AA86-473A4DEF35F1}"
EndProject
Project("{FAE04EC0-301F-11D3-BF4B-00C04F79EFBC}") = "backend", "backend\backend.csproj", "{DA733BD4-C594-453D-A220-88AA2BAEF1E8}"
EndProject
Global
	GlobalSection(SolutionConfigurationPlatforms) = preSolution
		Debug|Any CPU = Debug|Any CPU
		Release|Any CPU = Release|Any CPU
	EndGlobalSection
	GlobalSection(ProjectConfigurationPlatforms) = postSolution
		{BEC3B371-4086-46BA-AA86-473A4DEF35F1}.Debug|Any CPU.ActiveCfg = Debug|Any CPU
		{BEC3B371-4086-46BA-AA86-473A4DEF35F1}.Debug|Any CPU.Build.0 = Debug|Any CPU
		{BEC3B371-4086-46BA-AA86-473A4DEF35F1}.Debug|Any CPU.Deploy.0 = Debug|Any CPU
		{BEC3B371-4086-46BA-AA86-473A4DEF35F1}.Release|Any CPU.ActiveCfg = Release|Any CPU
		{BEC3B371-4086-46BA-AA86-473A4DEF35F1}.Release|Any CPU.Build.0 = Release|Any CPU
		{BEC3B371-4086-46BA-AA86-473A4DEF35F1}.Release|Any CPU.Deploy.0 = Release|Any CPU
		{DA733BD4-C594-453D-A220-88AA2BAEF1E8}.Debug|Any CPU.ActiveCfg = Debug|Any CPU
		{DA733BD4-C594-453D-A220-88AA2BAEF1E8}.Debug|Any CPU.Build.0 = Debug|Any CPU
		{DA733BD4-C594-453D-A220-88AA2BAEF1E8}.Release|Any CPU.ActiveCfg = Release|Any CPU
		{DA733BD4-C594-453D-A220-88AA2BAEF1E8}.Release|Any CPU.Build.0 = Release|Any CPU
	EndGlobalSection
	GlobalSection(SolutionProperties) = preSolution
		HideSolutionNode = FALSE
	EndGlobalSection
	GlobalSection(ExtensibilityGlobals) = postSolution
		SolutionGuid = {58BE14F9-58D8-4553-956E-0A3F356D2556}
	EndGlobalSection
EndGlobal
